// !$*UTF8*$!
{
	archiveVersion = 1;
	classes = {
	};
	objectVersion = 56;
	objects = {

/* Begin PBXBuildFile section */
		887DD24B29B8A3F8004AEC30 /* AppDelegate.swift in Sources */ = {isa = PBXBuildFile; fileRef = 887DD24A29B8A3F8004AEC30 /* AppDelegate.swift */; };
		887DD24D29B8A3F8004AEC30 /* SceneDelegate.swift in Sources */ = {isa = PBXBuildFile; fileRef = 887DD24C29B8A3F8004AEC30 /* SceneDelegate.swift */; };
		887DD24F29B8A3F8004AEC30 /* ViewController.swift in Sources */ = {isa = PBXBuildFile; fileRef = 887DD24E29B8A3F8004AEC30 /* ViewController.swift */; };
		887DD25229B8A3F8004AEC30 /* Main.storyboard in Resources */ = {isa = PBXBuildFile; fileRef = 887DD25029B8A3F8004AEC30 /* Main.storyboard */; };
		887DD25529B8A3F8004AEC30 /* WildBite.xcdatamodeld in Sources */ = {isa = PBXBuildFile; fileRef = 887DD25329B8A3F8004AEC30 /* WildBite.xcdatamodeld */; };
		887DD25729B8A3FA004AEC30 /* Assets.xcassets in Resources */ = {isa = PBXBuildFile; fileRef = 887DD25629B8A3FA004AEC30 /* Assets.xcassets */; };
		887DD25A29B8A3FA004AEC30 /* LaunchScreen.storyboard in Resources */ = {isa = PBXBuildFile; fileRef = 887DD25829B8A3FA004AEC30 /* LaunchScreen.storyboard */; };
		887DD26529B8A3FB004AEC30 /* WildBiteTests.swift in Sources */ = {isa = PBXBuildFile; fileRef = 887DD26429B8A3FB004AEC30 /* WildBiteTests.swift */; };
		887DD26F29B8A3FB004AEC30 /* WildBiteUITests.swift in Sources */ = {isa = PBXBuildFile; fileRef = 887DD26E29B8A3FB004AEC30 /* WildBiteUITests.swift */; };
		887DD27129B8A3FB004AEC30 /* WildBiteUITestsLaunchTests.swift in Sources */ = {isa = PBXBuildFile; fileRef = 887DD27029B8A3FB004AEC30 /* WildBiteUITestsLaunchTests.swift */; };
		88AE632529BBDB5000AF6955 /* RegisterViewController.swift in Sources */ = {isa = PBXBuildFile; fileRef = 88AE632429BBDB5000AF6955 /* RegisterViewController.swift */; };
		88AE632829BBE20000AF6955 /* Home.storyboard in Resources */ = {isa = PBXBuildFile; fileRef = 88AE632729BBE20000AF6955 /* Home.storyboard */; };
		88AE632A29BBE20B00AF6955 /* HomeViewController.swift in Sources */ = {isa = PBXBuildFile; fileRef = 88AE632929BBE20B00AF6955 /* HomeViewController.swift */; };
/* End PBXBuildFile section */

/* Begin PBXContainerItemProxy section */
		887DD26129B8A3FB004AEC30 /* PBXContainerItemProxy */ = {
			isa = PBXContainerItemProxy;
			containerPortal = 887DD23F29B8A3F8004AEC30 /* Project object */;
			proxyType = 1;
			remoteGlobalIDString = 887DD24629B8A3F8004AEC30;
			remoteInfo = WildBite;
		};
		887DD26B29B8A3FB004AEC30 /* PBXContainerItemProxy */ = {
			isa = PBXContainerItemProxy;
			containerPortal = 887DD23F29B8A3F8004AEC30 /* Project object */;
			proxyType = 1;
			remoteGlobalIDString = 887DD24629B8A3F8004AEC30;
			remoteInfo = WildBite;
		};
/* End PBXContainerItemProxy section */

/* Begin PBXFileReference section */
		887DD24729B8A3F8004AEC30 /* WildBite.app */ = {isa = PBXFileReference; explicitFileType = wrapper.application; includeInIndex = 0; path = WildBite.app; sourceTree = BUILT_PRODUCTS_DIR; };
		887DD24A29B8A3F8004AEC30 /* AppDelegate.swift */ = {isa = PBXFileReference; lastKnownFileType = sourcecode.swift; path = AppDelegate.swift; sourceTree = "<group>"; };
		887DD24C29B8A3F8004AEC30 /* SceneDelegate.swift */ = {isa = PBXFileReference; lastKnownFileType = sourcecode.swift; path = SceneDelegate.swift; sourceTree = "<group>"; };
		887DD24E29B8A3F8004AEC30 /* ViewController.swift */ = {isa = PBXFileReference; lastKnownFileType = sourcecode.swift; path = ViewController.swift; sourceTree = "<group>"; };
		887DD25129B8A3F8004AEC30 /* Base */ = {isa = PBXFileReference; lastKnownFileType = file.storyboard; name = Base; path = Base.lproj/Main.storyboard; sourceTree = "<group>"; };
		887DD25429B8A3F8004AEC30 /* WildBite.xcdatamodel */ = {isa = PBXFileReference; lastKnownFileType = wrapper.xcdatamodel; path = WildBite.xcdatamodel; sourceTree = "<group>"; };
		887DD25629B8A3FA004AEC30 /* Assets.xcassets */ = {isa = PBXFileReference; lastKnownFileType = folder.assetcatalog; path = Assets.xcassets; sourceTree = "<group>"; };
		887DD25929B8A3FA004AEC30 /* Base */ = {isa = PBXFileReference; lastKnownFileType = file.storyboard; name = Base; path = Base.lproj/LaunchScreen.storyboard; sourceTree = "<group>"; };
		887DD25B29B8A3FA004AEC30 /* Info.plist */ = {isa = PBXFileReference; lastKnownFileType = text.plist.xml; path = Info.plist; sourceTree = "<group>"; };
		887DD26029B8A3FB004AEC30 /* WildBiteTests.xctest */ = {isa = PBXFileReference; explicitFileType = wrapper.cfbundle; includeInIndex = 0; path = WildBiteTests.xctest; sourceTree = BUILT_PRODUCTS_DIR; };
		887DD26429B8A3FB004AEC30 /* WildBiteTests.swift */ = {isa = PBXFileReference; lastKnownFileType = sourcecode.swift; path = WildBiteTests.swift; sourceTree = "<group>"; };
		887DD26A29B8A3FB004AEC30 /* WildBiteUITests.xctest */ = {isa = PBXFileReference; explicitFileType = wrapper.cfbundle; includeInIndex = 0; path = WildBiteUITests.xctest; sourceTree = BUILT_PRODUCTS_DIR; };
		887DD26E29B8A3FB004AEC30 /* WildBiteUITests.swift */ = {isa = PBXFileReference; lastKnownFileType = sourcecode.swift; path = WildBiteUITests.swift; sourceTree = "<group>"; };
		887DD27029B8A3FB004AEC30 /* WildBiteUITestsLaunchTests.swift */ = {isa = PBXFileReference; lastKnownFileType = sourcecode.swift; path = WildBiteUITestsLaunchTests.swift; sourceTree = "<group>"; };
		88AE632429BBDB5000AF6955 /* RegisterViewController.swift */ = {isa = PBXFileReference; lastKnownFileType = sourcecode.swift; path = RegisterViewController.swift; sourceTree = "<group>"; };
		88AE632729BBE20000AF6955 /* Home.storyboard */ = {isa = PBXFileReference; lastKnownFileType = file.storyboard; path = Home.storyboard; sourceTree = "<group>"; };
		88AE632929BBE20B00AF6955 /* HomeViewController.swift */ = {isa = PBXFileReference; lastKnownFileType = sourcecode.swift; path = HomeViewController.swift; sourceTree = "<group>"; };
/* End PBXFileReference section */

/* Begin PBXFrameworksBuildPhase section */
		887DD24429B8A3F8004AEC30 /* Frameworks */ = {
			isa = PBXFrameworksBuildPhase;
			buildActionMask = 2147483647;
			files = (
			);
			runOnlyForDeploymentPostprocessing = 0;
		};
		887DD25D29B8A3FB004AEC30 /* Frameworks */ = {
			isa = PBXFrameworksBuildPhase;
			buildActionMask = 2147483647;
			files = (
			);
			runOnlyForDeploymentPostprocessing = 0;
		};
		887DD26729B8A3FB004AEC30 /* Frameworks */ = {
			isa = PBXFrameworksBuildPhase;
			buildActionMask = 2147483647;
			files = (
			);
			runOnlyForDeploymentPostprocessing = 0;
		};
/* End PBXFrameworksBuildPhase section */

/* Begin PBXGroup section */
		887DD23E29B8A3F8004AEC30 = {
			isa = PBXGroup;
			children = (
				887DD24929B8A3F8004AEC30 /* WildBite */,
				887DD26329B8A3FB004AEC30 /* WildBiteTests */,
				887DD26D29B8A3FB004AEC30 /* WildBiteUITests */,
				887DD24829B8A3F8004AEC30 /* Products */,
			);
			sourceTree = "<group>";
		};
		887DD24829B8A3F8004AEC30 /* Products */ = {
			isa = PBXGroup;
			children = (
				887DD24729B8A3F8004AEC30 /* WildBite.app */,
				887DD26029B8A3FB004AEC30 /* WildBiteTests.xctest */,
				887DD26A29B8A3FB004AEC30 /* WildBiteUITests.xctest */,
			);
			name = Products;
			sourceTree = "<group>";
		};
		887DD24929B8A3F8004AEC30 /* WildBite */ = {
			isa = PBXGroup;
			children = (
				88AE632629BBE1E400AF6955 /* Home */,
				88938BCC29BBBFCA001C76E1 /* Main */,
				887DD25629B8A3FA004AEC30 /* Assets.xcassets */,
				887DD25829B8A3FA004AEC30 /* LaunchScreen.storyboard */,
				887DD24C29B8A3F8004AEC30 /* SceneDelegate.swift */,
				887DD24A29B8A3F8004AEC30 /* AppDelegate.swift */,
				887DD25B29B8A3FA004AEC30 /* Info.plist */,
				887DD25329B8A3F8004AEC30 /* WildBite.xcdatamodeld */,
			);
			path = WildBite;
			sourceTree = "<group>";
		};
		887DD26329B8A3FB004AEC30 /* WildBiteTests */ = {
			isa = PBXGroup;
			children = (
				887DD26429B8A3FB004AEC30 /* WildBiteTests.swift */,
			);
			path = WildBiteTests;
			sourceTree = "<group>";
		};
		887DD26D29B8A3FB004AEC30 /* WildBiteUITests */ = {
			isa = PBXGroup;
			children = (
				887DD26E29B8A3FB004AEC30 /* WildBiteUITests.swift */,
				887DD27029B8A3FB004AEC30 /* WildBiteUITestsLaunchTests.swift */,
			);
			path = WildBiteUITests;
			sourceTree = "<group>";
		};
		88938BCC29BBBFCA001C76E1 /* Main */ = {
			isa = PBXGroup;
			children = (
				887DD25029B8A3F8004AEC30 /* Main.storyboard */,
				88AE632329BBDB4100AF6955 /* Register */,
				88AE632229BBDB3000AF6955 /* Login */,
			);
			path = Main;
			sourceTree = "<group>";
		};
		88AE632229BBDB3000AF6955 /* Login */ = {
			isa = PBXGroup;
			children = (
				887DD24E29B8A3F8004AEC30 /* ViewController.swift */,
			);
			path = Login;
			sourceTree = "<group>";
		};
		88AE632329BBDB4100AF6955 /* Register */ = {
			isa = PBXGroup;
			children = (
				88AE632429BBDB5000AF6955 /* RegisterViewController.swift */,
			);
			path = Register;
			sourceTree = "<group>";
		};
		88AE632629BBE1E400AF6955 /* Home */ = {
			isa = PBXGroup;
			children = (
				88AE632729BBE20000AF6955 /* Home.storyboard */,
				88AE632929BBE20B00AF6955 /* HomeViewController.swift */,
			);
			path = Home;
			sourceTree = "<group>";
		};
/* End PBXGroup section */

/* Begin PBXNativeTarget section */
		887DD24629B8A3F8004AEC30 /* WildBite */ = {
			isa = PBXNativeTarget;
			buildConfigurationList = 887DD27429B8A3FB004AEC30 /* Build configuration list for PBXNativeTarget "WildBite" */;
			buildPhases = (
				887DD24329B8A3F8004AEC30 /* Sources */,
				887DD24429B8A3F8004AEC30 /* Frameworks */,
				887DD24529B8A3F8004AEC30 /* Resources */,
			);
			buildRules = (
			);
			dependencies = (
			);
			name = WildBite;
			productName = WildBite;
			productReference = 887DD24729B8A3F8004AEC30 /* WildBite.app */;
			productType = "com.apple.product-type.application";
		};
		887DD25F29B8A3FB004AEC30 /* WildBiteTests */ = {
			isa = PBXNativeTarget;
			buildConfigurationList = 887DD27729B8A3FB004AEC30 /* Build configuration list for PBXNativeTarget "WildBiteTests" */;
			buildPhases = (
				887DD25C29B8A3FB004AEC30 /* Sources */,
				887DD25D29B8A3FB004AEC30 /* Frameworks */,
				887DD25E29B8A3FB004AEC30 /* Resources */,
			);
			buildRules = (
			);
			dependencies = (
				887DD26229B8A3FB004AEC30 /* PBXTargetDependency */,
			);
			name = WildBiteTests;
			productName = WildBiteTests;
			productReference = 887DD26029B8A3FB004AEC30 /* WildBiteTests.xctest */;
			productType = "com.apple.product-type.bundle.unit-test";
		};
		887DD26929B8A3FB004AEC30 /* WildBiteUITests */ = {
			isa = PBXNativeTarget;
			buildConfigurationList = 887DD27A29B8A3FB004AEC30 /* Build configuration list for PBXNativeTarget "WildBiteUITests" */;
			buildPhases = (
				887DD26629B8A3FB004AEC30 /* Sources */,
				887DD26729B8A3FB004AEC30 /* Frameworks */,
				887DD26829B8A3FB004AEC30 /* Resources */,
			);
			buildRules = (
			);
			dependencies = (
				887DD26C29B8A3FB004AEC30 /* PBXTargetDependency */,
			);
			name = WildBiteUITests;
			productName = WildBiteUITests;
			productReference = 887DD26A29B8A3FB004AEC30 /* WildBiteUITests.xctest */;
			productType = "com.apple.product-type.bundle.ui-testing";
		};
/* End PBXNativeTarget section */

/* Begin PBXProject section */
		887DD23F29B8A3F8004AEC30 /* Project object */ = {
			isa = PBXProject;
			attributes = {
				BuildIndependentTargetsInParallel = 1;
				LastSwiftUpdateCheck = 1420;
				LastUpgradeCheck = 1420;
				TargetAttributes = {
					887DD24629B8A3F8004AEC30 = {
						CreatedOnToolsVersion = 14.2;
					};
					887DD25F29B8A3FB004AEC30 = {
						CreatedOnToolsVersion = 14.2;
						TestTargetID = 887DD24629B8A3F8004AEC30;
					};
					887DD26929B8A3FB004AEC30 = {
						CreatedOnToolsVersion = 14.2;
						TestTargetID = 887DD24629B8A3F8004AEC30;
					};
				};
			};
			buildConfigurationList = 887DD24229B8A3F8004AEC30 /* Build configuration list for PBXProject "WildBite" */;
			compatibilityVersion = "Xcode 14.0";
			developmentRegion = en;
			hasScannedForEncodings = 0;
			knownRegions = (
				en,
				Base,
			);
			mainGroup = 887DD23E29B8A3F8004AEC30;
			productRefGroup = 887DD24829B8A3F8004AEC30 /* Products */;
			projectDirPath = "";
			projectRoot = "";
			targets = (
				887DD24629B8A3F8004AEC30 /* WildBite */,
				887DD25F29B8A3FB004AEC30 /* WildBiteTests */,
				887DD26929B8A3FB004AEC30 /* WildBiteUITests */,
			);
		};
/* End PBXProject section */

/* Begin PBXResourcesBuildPhase section */
		887DD24529B8A3F8004AEC30 /* Resources */ = {
			isa = PBXResourcesBuildPhase;
			buildActionMask = 2147483647;
			files = (
				887DD25A29B8A3FA004AEC30 /* LaunchScreen.storyboard in Resources */,
				887DD25729B8A3FA004AEC30 /* Assets.xcassets in Resources */,
				887DD25229B8A3F8004AEC30 /* Main.storyboard in Resources */,
				88AE632829BBE20000AF6955 /* Home.storyboard in Resources */,
			);
			runOnlyForDeploymentPostprocessing = 0;
		};
		887DD25E29B8A3FB004AEC30 /* Resources */ = {
			isa = PBXResourcesBuildPhase;
			buildActionMask = 2147483647;
			files = (
			);
			runOnlyForDeploymentPostprocessing = 0;
		};
		887DD26829B8A3FB004AEC30 /* Resources */ = {
			isa = PBXResourcesBuildPhase;
			buildActionMask = 2147483647;
			files = (
			);
			runOnlyForDeploymentPostprocessing = 0;
		};
/* End PBXResourcesBuildPhase section */

/* Begin PBXSourcesBuildPhase section */
		887DD24329B8A3F8004AEC30 /* Sources */ = {
			isa = PBXSourcesBuildPhase;
			buildActionMask = 2147483647;
			files = (
				887DD24F29B8A3F8004AEC30 /* ViewController.swift in Sources */,
				88AE632529BBDB5000AF6955 /* RegisterViewController.swift in Sources */,
				887DD25529B8A3F8004AEC30 /* WildBite.xcdatamodeld in Sources */,
				887DD24B29B8A3F8004AEC30 /* AppDelegate.swift in Sources */,
				887DD24D29B8A3F8004AEC30 /* SceneDelegate.swift in Sources */,
				88AE632A29BBE20B00AF6955 /* HomeViewController.swift in Sources */,
			);
			runOnlyForDeploymentPostprocessing = 0;
		};
		887DD25C29B8A3FB004AEC30 /* Sources */ = {
			isa = PBXSourcesBuildPhase;
			buildActionMask = 2147483647;
			files = (
				887DD26529B8A3FB004AEC30 /* WildBiteTests.swift in Sources */,
			);
			runOnlyForDeploymentPostprocessing = 0;
		};
		887DD26629B8A3FB004AEC30 /* Sources */ = {
			isa = PBXSourcesBuildPhase;
			buildActionMask = 2147483647;
			files = (
				887DD27129B8A3FB004AEC30 /* WildBiteUITestsLaunchTests.swift in Sources */,
				887DD26F29B8A3FB004AEC30 /* WildBiteUITests.swift in Sources */,
			);
			runOnlyForDeploymentPostprocessing = 0;
		};
/* End PBXSourcesBuildPhase section */

/* Begin PBXTargetDependency section */
		887DD26229B8A3FB004AEC30 /* PBXTargetDependency */ = {
			isa = PBXTargetDependency;
			target = 887DD24629B8A3F8004AEC30 /* WildBite */;
			targetProxy = 887DD26129B8A3FB004AEC30 /* PBXContainerItemProxy */;
		};
		887DD26C29B8A3FB004AEC30 /* PBXTargetDependency */ = {
			isa = PBXTargetDependency;
			target = 887DD24629B8A3F8004AEC30 /* WildBite */;
			targetProxy = 887DD26B29B8A3FB004AEC30 /* PBXContainerItemProxy */;
		};
/* End PBXTargetDependency section */

/* Begin PBXVariantGroup section */
		887DD25029B8A3F8004AEC30 /* Main.storyboard */ = {
			isa = PBXVariantGroup;
			children = (
				887DD25129B8A3F8004AEC30 /* Base */,
			);
			name = Main.storyboard;
			sourceTree = "<group>";
		};
		887DD25829B8A3FA004AEC30 /* LaunchScreen.storyboard */ = {
			isa = PBXVariantGroup;
			children = (
				887DD25929B8A3FA004AEC30 /* Base */,
			);
			name = LaunchScreen.storyboard;
			sourceTree = "<group>";
		};
/* End PBXVariantGroup section */

/* Begin XCBuildConfiguration section */
		887DD27229B8A3FB004AEC30 /* Debug */ = {
			isa = XCBuildConfiguration;
			buildSettings = {
				ALWAYS_SEARCH_USER_PATHS = NO;
				CLANG_ANALYZER_NONNULL = YES;
				CLANG_ANALYZER_NUMBER_OBJECT_CONVERSION = YES_AGGRESSIVE;
				CLANG_CXX_LANGUAGE_STANDARD = "gnu++20";
				CLANG_ENABLE_MODULES = YES;
				CLANG_ENABLE_OBJC_ARC = YES;
				CLANG_ENABLE_OBJC_WEAK = YES;
				CLANG_WARN_BLOCK_CAPTURE_AUTORELEASING = YES;
				CLANG_WARN_BOOL_CONVERSION = YES;
				CLANG_WARN_COMMA = YES;
				CLANG_WARN_CONSTANT_CONVERSION = YES;
				CLANG_WARN_DEPRECATED_OBJC_IMPLEMENTATIONS = YES;
				CLANG_WARN_DIRECT_OBJC_ISA_USAGE = YES_ERROR;
				CLANG_WARN_DOCUMENTATION_COMMENTS = YES;
				CLANG_WARN_EMPTY_BODY = YES;
				CLANG_WARN_ENUM_CONVERSION = YES;
				CLANG_WARN_INFINITE_RECURSION = YES;
				CLANG_WARN_INT_CONVERSION = YES;
				CLANG_WARN_NON_LITERAL_NULL_CONVERSION = YES;
				CLANG_WARN_OBJC_IMPLICIT_RETAIN_SELF = YES;
				CLANG_WARN_OBJC_LITERAL_CONVERSION = YES;
				CLANG_WARN_OBJC_ROOT_CLASS = YES_ERROR;
				CLANG_WARN_QUOTED_INCLUDE_IN_FRAMEWORK_HEADER = YES;
				CLANG_WARN_RANGE_LOOP_ANALYSIS = YES;
				CLANG_WARN_STRICT_PROTOTYPES = YES;
				CLANG_WARN_SUSPICIOUS_MOVE = YES;
				CLANG_WARN_UNGUARDED_AVAILABILITY = YES_AGGRESSIVE;
				CLANG_WARN_UNREACHABLE_CODE = YES;
				CLANG_WARN__DUPLICATE_METHOD_MATCH = YES;
				COPY_PHASE_STRIP = NO;
				DEBUG_INFORMATION_FORMAT = dwarf;
				ENABLE_STRICT_OBJC_MSGSEND = YES;
				ENABLE_TESTABILITY = YES;
				GCC_C_LANGUAGE_STANDARD = gnu11;
				GCC_DYNAMIC_NO_PIC = NO;
				GCC_NO_COMMON_BLOCKS = YES;
				GCC_OPTIMIZATION_LEVEL = 0;
				GCC_PREPROCESSOR_DEFINITIONS = (
					"DEBUG=1",
					"$(inherited)",
				);
				GCC_WARN_64_TO_32_BIT_CONVERSION = YES;
				GCC_WARN_ABOUT_RETURN_TYPE = YES_ERROR;
				GCC_WARN_UNDECLARED_SELECTOR = YES;
				GCC_WARN_UNINITIALIZED_AUTOS = YES_AGGRESSIVE;
				GCC_WARN_UNUSED_FUNCTION = YES;
				GCC_WARN_UNUSED_VARIABLE = YES;
				IPHONEOS_DEPLOYMENT_TARGET = 15.0;
				MTL_ENABLE_DEBUG_INFO = INCLUDE_SOURCE;
				MTL_FAST_MATH = YES;
				ONLY_ACTIVE_ARCH = YES;
				SDKROOT = iphoneos;
				SWIFT_ACTIVE_COMPILATION_CONDITIONS = DEBUG;
				SWIFT_OPTIMIZATION_LEVEL = "-Onone";
			};
			name = Debug;
		};
		887DD27329B8A3FB004AEC30 /* Release */ = {
			isa = XCBuildConfiguration;
			buildSettings = {
				ALWAYS_SEARCH_USER_PATHS = NO;
				CLANG_ANALYZER_NONNULL = YES;
				CLANG_ANALYZER_NUMBER_OBJECT_CONVERSION = YES_AGGRESSIVE;
				CLANG_CXX_LANGUAGE_STANDARD = "gnu++20";
				CLANG_ENABLE_MODULES = YES;
				CLANG_ENABLE_OBJC_ARC = YES;
				CLANG_ENABLE_OBJC_WEAK = YES;
				CLANG_WARN_BLOCK_CAPTURE_AUTORELEASING = YES;
				CLANG_WARN_BOOL_CONVERSION = YES;
				CLANG_WARN_COMMA = YES;
				CLANG_WARN_CONSTANT_CONVERSION = YES;
				CLANG_WARN_DEPRECATED_OBJC_IMPLEMENTATIONS = YES;
				CLANG_WARN_DIRECT_OBJC_ISA_USAGE = YES_ERROR;
				CLANG_WARN_DOCUMENTATION_COMMENTS = YES;
				CLANG_WARN_EMPTY_BODY = YES;
				CLANG_WARN_ENUM_CONVERSION = YES;
				CLANG_WARN_INFINITE_RECURSION = YES;
				CLANG_WARN_INT_CONVERSION = YES;
				CLANG_WARN_NON_LITERAL_NULL_CONVERSION = YES;
				CLANG_WARN_OBJC_IMPLICIT_RETAIN_SELF = YES;
				CLANG_WARN_OBJC_LITERAL_CONVERSION = YES;
				CLANG_WARN_OBJC_ROOT_CLASS = YES_ERROR;
				CLANG_WARN_QUOTED_INCLUDE_IN_FRAMEWORK_HEADER = YES;
				CLANG_WARN_RANGE_LOOP_ANALYSIS = YES;
				CLANG_WARN_STRICT_PROTOTYPES = YES;
				CLANG_WARN_SUSPICIOUS_MOVE = YES;
				CLANG_WARN_UNGUARDED_AVAILABILITY = YES_AGGRESSIVE;
				CLANG_WARN_UNREACHABLE_CODE = YES;
				CLANG_WARN__DUPLICATE_METHOD_MATCH = YES;
				COPY_PHASE_STRIP = NO;
				DEBUG_INFORMATION_FORMAT = "dwarf-with-dsym";
				ENABLE_NS_ASSERTIONS = NO;
				ENABLE_STRICT_OBJC_MSGSEND = YES;
				GCC_C_LANGUAGE_STANDARD = gnu11;
				GCC_NO_COMMON_BLOCKS = YES;
				GCC_WARN_64_TO_32_BIT_CONVERSION = YES;
				GCC_WARN_ABOUT_RETURN_TYPE = YES_ERROR;
				GCC_WARN_UNDECLARED_SELECTOR = YES;
				GCC_WARN_UNINITIALIZED_AUTOS = YES_AGGRESSIVE;
				GCC_WARN_UNUSED_FUNCTION = YES;
				GCC_WARN_UNUSED_VARIABLE = YES;
				IPHONEOS_DEPLOYMENT_TARGET = 15.0;
				MTL_ENABLE_DEBUG_INFO = NO;
				MTL_FAST_MATH = YES;
				SDKROOT = iphoneos;
				SWIFT_COMPILATION_MODE = wholemodule;
				SWIFT_OPTIMIZATION_LEVEL = "-O";
				VALIDATE_PRODUCT = YES;
			};
			name = Release;
		};
		887DD27529B8A3FB004AEC30 /* Debug */ = {
			isa = XCBuildConfiguration;
			buildSettings = {
				ASSETCATALOG_COMPILER_APPICON_NAME = AppIcon;
				ASSETCATALOG_COMPILER_GLOBAL_ACCENT_COLOR_NAME = AccentColor;
				CODE_SIGN_STYLE = Automatic;
				CURRENT_PROJECT_VERSION = 1;
				DEVELOPMENT_TEAM = D2T6AR24JC;
				GENERATE_INFOPLIST_FILE = YES;
				INFOPLIST_FILE = WildBite/Info.plist;
				INFOPLIST_KEY_UIApplicationSupportsIndirectInputEvents = YES;
				INFOPLIST_KEY_UILaunchStoryboardName = LaunchScreen;
				INFOPLIST_KEY_UIMainStoryboardFile = Main;
				INFOPLIST_KEY_UISupportedInterfaceOrientations = UIInterfaceOrientationPortrait;
				IPHONEOS_DEPLOYMENT_TARGET = 15.0;
				LD_RUNPATH_SEARCH_PATHS = (
					"$(inherited)",
					"@executable_path/Frameworks",
				);
				MARKETING_VERSION = 1.0;
				PRODUCT_BUNDLE_IDENTIFIER = yunusgunduzdev.WildBite;
				PRODUCT_NAME = "$(TARGET_NAME)";
				SWIFT_EMIT_LOC_STRINGS = YES;
				SWIFT_VERSION = 5.0;
				TARGETED_DEVICE_FAMILY = "1,2";
			};
			name = Debug;
		};
		887DD27629B8A3FB004AEC30 /* Release */ = {
			isa = XCBuildConfiguration;
			buildSettings = {
				ASSETCATALOG_COMPILER_APPICON_NAME = AppIcon;
				ASSETCATALOG_COMPILER_GLOBAL_ACCENT_COLOR_NAME = AccentColor;
				CODE_SIGN_STYLE = Automatic;
				CURRENT_PROJECT_VERSION = 1;
				DEVELOPMENT_TEAM = D2T6AR24JC;
				GENERATE_INFOPLIST_FILE = YES;
				INFOPLIST_FILE = WildBite/Info.plist;
				INFOPLIST_KEY_UIApplicationSupportsIndirectInputEvents = YES;
				INFOPLIST_KEY_UILaunchStoryboardName = LaunchScreen;
				INFOPLIST_KEY_UIMainStoryboardFile = Main;
				INFOPLIST_KEY_UISupportedInterfaceOrientations = UIInterfaceOrientationPortrait;
				IPHONEOS_DEPLOYMENT_TARGET = 15.0;
				LD_RUNPATH_SEARCH_PATHS = (
					"$(inherited)",
					"@executable_path/Frameworks",
				);
				MARKETING_VERSION = 1.0;
				PRODUCT_BUNDLE_IDENTIFIER = yunusgunduzdev.WildBite;
				PRODUCT_NAME = "$(TARGET_NAME)";
				SWIFT_EMIT_LOC_STRINGS = YES;
				SWIFT_VERSION = 5.0;
				TARGETED_DEVICE_FAMILY = "1,2";
			};
			name = Release;
		};
		887DD27829B8A3FB004AEC30 /* Debug */ = {
			isa = XCBuildConfiguration;
			buildSettings = {
				ALWAYS_EMBED_SWIFT_STANDARD_LIBRARIES = YES;
				BUNDLE_LOADER = "$(TEST_HOST)";
				CODE_SIGN_STYLE = Automatic;
				CURRENT_PROJECT_VERSION = 1;
				DEVELOPMENT_TEAM = D2T6AR24JC;
				GENERATE_INFOPLIST_FILE = YES;
				IPHONEOS_DEPLOYMENT_TARGET = 16.2;
				MARKETING_VERSION = 1.0;
				PRODUCT_BUNDLE_IDENTIFIER = yunusgunduzdev.WildBiteTests;
				PRODUCT_NAME = "$(TARGET_NAME)";
				SWIFT_EMIT_LOC_STRINGS = NO;
				SWIFT_VERSION = 5.0;
				TARGETED_DEVICE_FAMILY = "1,2";
				TEST_HOST = "$(BUILT_PRODUCTS_DIR)/WildBite.app/$(BUNDLE_EXECUTABLE_FOLDER_PATH)/WildBite";
			};
			name = Debug;
		};
		887DD27929B8A3FB004AEC30 /* Release */ = {
			isa = XCBuildConfiguration;
			buildSettings = {
				ALWAYS_EMBED_SWIFT_STANDARD_LIBRARIES = YES;
				BUNDLE_LOADER = "$(TEST_HOST)";
				CODE_SIGN_STYLE = Automatic;
				CURRENT_PROJECT_VERSION = 1;
				DEVELOPMENT_TEAM = D2T6AR24JC;
				GENERATE_INFOPLIST_FILE = YES;
				IPHONEOS_DEPLOYMENT_TARGET = 16.2;
				MARKETING_VERSION = 1.0;
				PRODUCT_BUNDLE_IDENTIFIER = yunusgunduzdev.WildBiteTests;
				PRODUCT_NAME = "$(TARGET_NAME)";
				SWIFT_EMIT_LOC_STRINGS = NO;
				SWIFT_VERSION = 5.0;
				TARGETED_DEVICE_FAMILY = "1,2";
				TEST_HOST = "$(BUILT_PRODUCTS_DIR)/WildBite.app/$(BUNDLE_EXECUTABLE_FOLDER_PATH)/WildBite";
			};
			name = Release;
		};
		887DD27B29B8A3FB004AEC30 /* Debug */ = {
			isa = XCBuildConfiguration;
			buildSettings = {
				ALWAYS_EMBED_SWIFT_STANDARD_LIBRARIES = YES;
				CODE_SIGN_STYLE = Automatic;
				CURRENT_PROJECT_VERSION = 1;
				DEVELOPMENT_TEAM = D2T6AR24JC;
				GENERATE_INFOPLIST_FILE = YES;
				MARKETING_VERSION = 1.0;
				PRODUCT_BUNDLE_IDENTIFIER = yunusgunduzdev.WildBiteUITests;
				PRODUCT_NAME = "$(TARGET_NAME)";
				SWIFT_EMIT_LOC_STRINGS = NO;
				SWIFT_VERSION = 5.0;
				TARGETED_DEVICE_FAMILY = "1,2";
				TEST_TARGET_NAME = WildBite;
			};
			name = Debug;
		};
		887DD27C29B8A3FB004AEC30 /* Release */ = {
			isa = XCBuildConfiguration;
			buildSettings = {
				ALWAYS_EMBED_SWIFT_STANDARD_LIBRARIES = YES;
				CODE_SIGN_STYLE = Automatic;
				CURRENT_PROJECT_VERSION = 1;
				DEVELOPMENT_TEAM = D2T6AR24JC;
				GENERATE_INFOPLIST_FILE = YES;
				MARKETING_VERSION = 1.0;
				PRODUCT_BUNDLE_IDENTIFIER = yunusgunduzdev.WildBiteUITests;
				PRODUCT_NAME = "$(TARGET_NAME)";
				SWIFT_EMIT_LOC_STRINGS = NO;
				SWIFT_VERSION = 5.0;
				TARGETED_DEVICE_FAMILY = "1,2";
				TEST_TARGET_NAME = WildBite;
			};
			name = Release;
		};
/* End XCBuildConfiguration section */

/* Begin XCConfigurationList section */
		887DD24229B8A3F8004AEC30 /* Build configuration list for PBXProject "WildBite" */ = {
			isa = XCConfigurationList;
			buildConfigurations = (
				887DD27229B8A3FB004AEC30 /* Debug */,
				887DD27329B8A3FB004AEC30 /* Release */,
			);
			defaultConfigurationIsVisible = 0;
			defaultConfigurationName = Release;
		};
		887DD27429B8A3FB004AEC30 /* Build configuration list for PBXNativeTarget "WildBite" */ = {
			isa = XCConfigurationList;
			buildConfigurations = (
				887DD27529B8A3FB004AEC30 /* Debug */,
				887DD27629B8A3FB004AEC30 /* Release */,
			);
			defaultConfigurationIsVisible = 0;
			defaultConfigurationName = Release;
		};
		887DD27729B8A3FB004AEC30 /* Build configuration list for PBXNativeTarget "WildBiteTests" */ = {
			isa = XCConfigurationList;
			buildConfigurations = (
				887DD27829B8A3FB004AEC30 /* Debug */,
				887DD27929B8A3FB004AEC30 /* Release */,
			);
			defaultConfigurationIsVisible = 0;
			defaultConfigurationName = Release;
		};
		887DD27A29B8A3FB004AEC30 /* Build configuration list for PBXNativeTarget "WildBiteUITests" */ = {
			isa = XCConfigurationList;
			buildConfigurations = (
				887DD27B29B8A3FB004AEC30 /* Debug */,
				887DD27C29B8A3FB004AEC30 /* Release */,
			);
			defaultConfigurationIsVisible = 0;
			defaultConfigurationName = Release;
		};
/* End XCConfigurationList section */

/* Begin XCVersionGroup section */
		887DD25329B8A3F8004AEC30 /* WildBite.xcdatamodeld */ = {
			isa = XCVersionGroup;
			children = (
				887DD25429B8A3F8004AEC30 /* WildBite.xcdatamodel */,
			);
			currentVersion = 887DD25429B8A3F8004AEC30 /* WildBite.xcdatamodel */;
			path = WildBite.xcdatamodeld;
			sourceTree = "<group>";
			versionGroupType = wrapper.xcdatamodel;
		};
/* End XCVersionGroup section */
	};
	rootObject = 887DD23F29B8A3F8004AEC30 /* Project object */;
}
